
Microsoft Visual Studio Solution File, Format Version 12.00
# Visual Studio Version 17
VisualStudioVersion = 17.10.35027.167
MinimumVisualStudioVersion = 10.0.40219.1
Project("{8BC9CEB8-8B4A-11D0-8D11-00A0C91BC942}") = "Win_IOCP", "Win_IOCP\Win_IOCP.vcxproj", "{61159EC1-5B57-43C6-9CB5-202BF40F895B}"
EndProject
Project("{8BC9CEB8-8B4A-11D0-8D11-00A0C91BC942}") = "TCPClient", "TCPClient\TCPClient.vcxproj", "{CC68512C-C6F2-42C8-BF7D-A69B832D4C09}"
EndProject
Project("{8BC9CEB8-8B4A-11D0-8D11-00A0C91BC942}") = "Win_IOCP_Server", "Win_IOCP_Server\Win_IOCP_Server.vcxproj", "{B15DFEB0-60B9-4DED-9761-1D2328288292}"
EndProject
Project("{8BC9CEB8-8B4A-11D0-8D11-00A0C91BC942}") = "homework1", "homework1\homework1.vcxproj", "{1275F8A7-4996-4019-B378-56019675F048}"
EndProject
Project("{8BC9CEB8-8B4A-11D0-8D11-00A0C91BC942}") = "Study_Server", "Study_Server\Study_Server.vcxproj", "{4001E8B9-AB1D-4F26-8110-368580610E2F}"
EndProject
Global
	GlobalSection(SolutionConfigurationPlatforms) = preSolution
		Debug|x64 = Debug|x64
		Debug|x86 = Debug|x86
		Release|x64 = Release|x64
		Release|x86 = Release|x86
	EndGlobalSection
	GlobalSection(ProjectConfigurationPlatforms) = postSolution
		{61159EC1-5B57-43C6-9CB5-202BF40F895B}.Debug|x64.ActiveCfg = Debug|x64
		{61159EC1-5B57-43C6-9CB5-202BF40F895B}.Debug|x64.Build.0 = Debug|x64
		{61159EC1-5B57-43C6-9CB5-202BF40F895B}.Debug|x86.ActiveCfg = Debug|Win32
		{61159EC1-5B57-43C6-9CB5-202BF40F895B}.Debug|x86.Build.0 = Debug|Win32
		{61159EC1-5B57-43C6-9CB5-202BF40F895B}.Release|x64.ActiveCfg = Release|x64
		{61159EC1-5B57-43C6-9CB5-202BF40F895B}.Release|x64.Build.0 = Release|x64
		{61159EC1-5B57-43C6-9CB5-202BF40F895B}.Release|x86.ActiveCfg = Release|Win32
		{61159EC1-5B57-43C6-9CB5-202BF40F895B}.Release|x86.Build.0 = Release|Win32
		{CC68512C-C6F2-42C8-BF7D-A69B832D4C09}.Debug|x64.ActiveCfg = Debug|x64
		{CC68512C-C6F2-42C8-BF7D-A69B832D4C09}.Debug|x64.Build.0 = Debug|x64
		{CC68512C-C6F2-42C8-BF7D-A69B832D4C09}.Debug|x86.ActiveCfg = Debug|Win32
		{CC68512C-C6F2-42C8-BF7D-A69B832D4C09}.Debug|x86.Build.0 = Debug|Win32
		{CC68512C-C6F2-42C8-BF7D-A69B832D4C09}.Release|x64.ActiveCfg = Release|x64
		{CC68512C-C6F2-42C8-BF7D-A69B832D4C09}.Release|x64.Build.0 = Release|x64
		{CC68512C-C6F2-42C8-BF7D-A69B832D4C09}.Release|x86.ActiveCfg = Release|Win32
		{CC68512C-C6F2-42C8-BF7D-A69B832D4C09}.Release|x86.Build.0 = Release|Win32
		{B15DFEB0-60B9-4DED-9761-1D2328288292}.Debug|x64.ActiveCfg = Debug|x64
		{B15DFEB0-60B9-4DED-9761-1D2328288292}.Debug|x64.Build.0 = Debug|x64
		{B15DFEB0-60B9-4DED-9761-1D2328288292}.Debug|x86.ActiveCfg = Debug|Win32
		{B15DFEB0-60B9-4DED-9761-1D2328288292}.Debug|x86.Build.0 = Debug|Win32
		{B15DFEB0-60B9-4DED-9761-1D2328288292}.Release|x64.ActiveCfg = Release|x64
		{B15DFEB0-60B9-4DED-9761-1D2328288292}.Release|x64.Build.0 = Release|x64
		{B15DFEB0-60B9-4DED-9761-1D2328288292}.Release|x86.ActiveCfg = Release|Win32
		{B15DFEB0-60B9-4DED-9761-1D2328288292}.Release|x86.Build.0 = Release|Win32
		{1275F8A7-4996-4019-B378-56019675F048}.Debug|x64.ActiveCfg = Debug|x64
		{1275F8A7-4996-4019-B378-56019675F048}.Debug|x64.Build.0 = Debug|x64
		{1275F8A7-4996-4019-B378-56019675F048}.Debug|x86.ActiveCfg = Debug|Win32
		{1275F8A7-4996-4019-B378-56019675F048}.Debug|x86.Build.0 = Debug|Win32
		{1275F8A7-4996-4019-B378-56019675F048}.Release|x64.ActiveCfg = Release|x64
		{1275F8A7-4996-4019-B378-56019675F048}.Release|x64.Build.0 = Release|x64
		{1275F8A7-4996-4019-B378-56019675F048}.Release|x86.ActiveCfg = Release|Win32
		{1275F8A7-4996-4019-B378-56019675F048}.Release|x86.Build.0 = Release|Win32
		{4001E8B9-AB1D-4F26-8110-368580610E2F}.Debug|x64.ActiveCfg = Debug|x64
		{4001E8B9-AB1D-4F26-8110-368580610E2F}.Debug|x64.Build.0 = Debug|x64
		{4001E8B9-AB1D-4F26-8110-368580610E2F}.Debug|x86.ActiveCfg = Debug|Win32
		{4001E8B9-AB1D-4F26-8110-368580610E2F}.Debug|x86.Build.0 = Debug|Win32
		{4001E8B9-AB1D-4F26-8110-368580610E2F}.Release|x64.ActiveCfg = Release|x64
		{4001E8B9-AB1D-4F26-8110-368580610E2F}.Release|x64.Build.0 = Release|x64
		{4001E8B9-AB1D-4F26-8110-368580610E2F}.Release|x86.ActiveCfg = Release|Win32
		{4001E8B9-AB1D-4F26-8110-368580610E2F}.Release|x86.Build.0 = Release|Win32
	EndGlobalSection
	GlobalSection(SolutionProperties) = preSolution
		HideSolutionNode = FALSE
	EndGlobalSection
	GlobalSection(ExtensibilityGlobals) = postSolution
		SolutionGuid = {7CD0D49C-B568-4B9C-8227-89251E8245F3}
	EndGlobalSection
EndGlobal
